{
  "name": "StorkDorkMain",
  "lockfileVersion": 3,
  "requires": true,
  "packages": {
    "": {
      "dependencies": {
        "world-geojson": "^3.1.1"
      }
    },
    "node_modules/world-geojson": {
      "version": "3.1.1",
      "resolved": "https://registry.npmjs.org/world-geojson/-/world-geojson-3.1.1.tgz",
      "integrity": "sha512-quWbocN8BfwJ+hdVkaxV1BgYUFmnkmPctWH3i8/NRpOTHTejkh3dZ59d++oAypOPH1GXTnHM0P/y9tEY/5NypA==",
      "license": "GPL-3.0-or-later"
    }
  }
}
